
Microsoft Visual Studio Solution File, Format Version 12.00
# Visual Studio Version 16
VisualStudioVersion = 16.0.31729.503
MinimumVisualStudioVersion = 10.0.40219.1
Project("{FAE04EC0-301F-11D3-BF4B-00C04F79EFBC}") = "ProjectAspNETv2", "ProjectAspNETv2\ProjectAspNETv2.csproj", "{038F31A1-4E18-4AA4-8A1F-BFE393F3DBC5}"
EndProject
Global
	GlobalSection(SolutionConfigurationPlatforms) = preSolution
		Debug|Any CPU = Debug|Any CPU
		Release|Any CPU = Release|Any CPU
	EndGlobalSection
	GlobalSection(ProjectConfigurationPlatforms) = postSolution
		{038F31A1-4E18-4AA4-8A1F-BFE393F3DBC5}.Debug|Any CPU.ActiveCfg = Debug|Any CPU
		{038F31A1-4E18-4AA4-8A1F-BFE393F3DBC5}.Debug|Any CPU.Build.0 = Debug|Any CPU
		{038F31A1-4E18-4AA4-8A1F-BFE393F3DBC5}.Release|Any CPU.ActiveCfg = Release|Any CPU
		{038F31A1-4E18-4AA4-8A1F-BFE393F3DBC5}.Release|Any CPU.Build.0 = Release|Any CPU
	EndGlobalSection
	GlobalSection(SolutionProperties) = preSolution
		HideSolutionNode = FALSE
	EndGlobalSection
	GlobalSection(ExtensibilityGlobals) = postSolution
		SolutionGuid = {362AD680-5316-43F5-AA7B-EF8C74598EDA}
	EndGlobalSection
EndGlobal
